
Microsoft Visual Studio Solution File, Format Version 12.00
# Visual Studio Version 16
VisualStudioVersion = 16.0.33328.57
MinimumVisualStudioVersion = 10.0.40219.1
Project("{FAE04EC0-301F-11D3-BF4B-00C04F79EFBC}") = "Calculation", "Calculation.csproj", "{C70DA7EC-0745-41B1-8D2C-4EC123A95562}"
EndProject
Global
	GlobalSection(SolutionConfigurationPlatforms) = preSolution
		Debug|Any CPU = Debug|Any CPU
		Release|Any CPU = Release|Any CPU
	EndGlobalSection
	GlobalSection(ProjectConfigurationPlatforms) = postSolution
		{C70DA7EC-0745-41B1-8D2C-4EC123A95562}.Debug|Any CPU.ActiveCfg = Debug|Any CPU
		{C70DA7EC-0745-41B1-8D2C-4EC123A95562}.Debug|Any CPU.Build.0 = Debug|Any CPU
		{C70DA7EC-0745-41B1-8D2C-4EC123A95562}.Release|Any CPU.ActiveCfg = Release|Any CPU
		{C70DA7EC-0745-41B1-8D2C-4EC123A95562}.Release|Any CPU.Build.0 = Release|Any CPU
	EndGlobalSection
	GlobalSection(SolutionProperties) = preSolution
		HideSolutionNode = FALSE
	EndGlobalSection
	GlobalSection(ExtensibilityGlobals) = postSolution
		SolutionGuid = {7942BA2C-D8BC-4CD7-9537-D16D95D0BF24}
	EndGlobalSection
EndGlobal
