
Microsoft Visual Studio Solution File, Format Version 12.00
# Visual Studio Version 16
VisualStudioVersion = 16.0.33328.57
MinimumVisualStudioVersion = 10.0.40219.1
Project("{FAE04EC0-301F-11D3-BF4B-00C04F79EFBC}") = "Math_Graph", "Math_Graph.csproj", "{B0D7DB4F-7EA7-4EA1-B210-2C423C44A1CB}"
EndProject
Global
	GlobalSection(SolutionConfigurationPlatforms) = preSolution
		Debug|Any CPU = Debug|Any CPU
		Release|Any CPU = Release|Any CPU
	EndGlobalSection
	GlobalSection(ProjectConfigurationPlatforms) = postSolution
		{B0D7DB4F-7EA7-4EA1-B210-2C423C44A1CB}.Debug|Any CPU.ActiveCfg = Debug|Any CPU
		{B0D7DB4F-7EA7-4EA1-B210-2C423C44A1CB}.Debug|Any CPU.Build.0 = Debug|Any CPU
		{B0D7DB4F-7EA7-4EA1-B210-2C423C44A1CB}.Release|Any CPU.ActiveCfg = Release|Any CPU
		{B0D7DB4F-7EA7-4EA1-B210-2C423C44A1CB}.Release|Any CPU.Build.0 = Release|Any CPU
	EndGlobalSection
	GlobalSection(SolutionProperties) = preSolution
		HideSolutionNode = FALSE
	EndGlobalSection
	GlobalSection(ExtensibilityGlobals) = postSolution
		SolutionGuid = {1A57F3CE-1188-4CE7-A778-21B6F1114CC0}
	EndGlobalSection
EndGlobal
